
Microsoft Visual Studio Solution File, Format Version 12.00
# Visual Studio Version 17
VisualStudioVersion = 17.4.33213.308
MinimumVisualStudioVersion = 10.0.40219.1
Project("{FAE04EC0-301F-11D3-BF4B-00C04F79EFBC}") = "BattleshipsBackend", "BattleshipsBackend\BattleshipsBackend.csproj", "{490EF1B9-127B-403C-BE4E-078A9759F58D}"
EndProject
Global
	GlobalSection(SolutionConfigurationPlatforms) = preSolution
		Debug|Any CPU = Debug|Any CPU
		Release|Any CPU = Release|Any CPU
	EndGlobalSection
	GlobalSection(ProjectConfigurationPlatforms) = postSolution
		{490EF1B9-127B-403C-BE4E-078A9759F58D}.Debug|Any CPU.ActiveCfg = Debug|Any CPU
		{490EF1B9-127B-403C-BE4E-078A9759F58D}.Debug|Any CPU.Build.0 = Debug|Any CPU
		{490EF1B9-127B-403C-BE4E-078A9759F58D}.Release|Any CPU.ActiveCfg = Release|Any CPU
		{490EF1B9-127B-403C-BE4E-078A9759F58D}.Release|Any CPU.Build.0 = Release|Any CPU
	EndGlobalSection
	GlobalSection(SolutionProperties) = preSolution
		HideSolutionNode = FALSE
	EndGlobalSection
	GlobalSection(ExtensibilityGlobals) = postSolution
		SolutionGuid = {01A59043-DEF7-46E0-8152-C847F1F1D236}
	EndGlobalSection
EndGlobal
